
Microsoft Visual Studio Solution File, Format Version 12.00
# Visual Studio Version 17
VisualStudioVersion = 17.11.35222.181
MinimumVisualStudioVersion = 10.0.40219.1
Project("{2150E333-8FDC-42A3-9474-1A3956D46DE8}") = "Task0", "Task0", "{DFEF1195-4EF4-41A0-BFE8-AE22AE1A7F94}"
EndProject
Project("{9A19103F-16F7-4668-BE54-9A1E7A4F7556}") = "Tyuiu.KiselevEA.Sprint0.Task0.V0", "Tyuiu.KiselevEA.Sprint0.Task0.V0\Tyuiu.KiselevEA.Sprint0.Task0.V0.csproj", "{0CFAD9E7-C422-45B3-A9D3-0494D8CC0DF8}"
EndProject
Project("{2150E333-8FDC-42A3-9474-1A3956D46DE8}") = "Task1", "Task1", "{2037AD63-48CE-4A26-87A1-BFD77B5398EE}"
EndProject
Project("{9A19103F-16F7-4668-BE54-9A1E7A4F7556}") = "Tyuiu.KiselevEA.Sprint0.Task1.V0", "Tyuiu.KiselevEA.Sprint0.Task1.V0\Tyuiu.KiselevEA.Sprint0.Task1.V0.csproj", "{E70C7708-01BC-4F5F-9859-A4FF83B8336C}"
EndProject
Project("{2150E333-8FDC-42A3-9474-1A3956D46DE8}") = "Task2", "Task2", "{17F9EC2D-13FC-439C-A454-C3B6D5287817}"
EndProject
Project("{9A19103F-16F7-4668-BE54-9A1E7A4F7556}") = "Tyuiu.KiselevEA.Sprint0.Task2.V0", "Tyuiu.KiselevEA.Sprint0.Task2.V0\Tyuiu.KiselevEA.Sprint0.Task2.V0.csproj", "{0BD21CF2-511B-4C92-AD6B-8337CF2AA63C}"
EndProject
Project("{9A19103F-16F7-4668-BE54-9A1E7A4F7556}") = "Tyuiu.KiselevEA.Sprint0.Task2.V0.Lib", "Tyuiu.KiselevEA.Sprint0.Task2.V0.Lib\Tyuiu.KiselevEA.Sprint0.Task2.V0.Lib.csproj", "{70C877F9-668C-4780-B412-A70D88B369BD}"
EndProject
Project("{9A19103F-16F7-4668-BE54-9A1E7A4F7556}") = "Tyuiu.KiselevEA.Sprint0.Task2.V0.Test", "Tyuiu.KiselevEA.Sprint0.Task2.V0.Test\Tyuiu.KiselevEA.Sprint0.Task2.V0.Test.csproj", "{D4C0E3FC-E1A8-4BFA-8E3F-23FC831CFB8D}"
EndProject
Project("{2150E333-8FDC-42A3-9474-1A3956D46DE8}") = "Task3", "Task3", "{1AB5BA18-012F-44F6-A76F-ACDB51BDC430}"
EndProject
Project("{9A19103F-16F7-4668-BE54-9A1E7A4F7556}") = "Tyuiu.KiselevEA.Sprint0.Task3.V0", "Tyuiu.KiselevEA.Sprint0.Task3.V0\Tyuiu.KiselevEA.Sprint0.Task3.V0.csproj", "{D1398BC9-E83C-4A50-9FE3-E70AF361E390}"
EndProject
Project("{9A19103F-16F7-4668-BE54-9A1E7A4F7556}") = "Tyuiu.KiselevEA.Sprint0.Task3.V0.Lib", "Tyuiu.KiselevEA.Sprint0.Task3.V0.Lib\Tyuiu.KiselevEA.Sprint0.Task3.V0.Lib.csproj", "{24434E26-CD65-4472-878D-086E2A3FE3B6}"
EndProject
Project("{9A19103F-16F7-4668-BE54-9A1E7A4F7556}") = "Tyuiu.KiselevEA.Sprint0.Task3.V0.Test", "Tyuiu.KiselevEA.Sprint0.Task3.V0.Test\Tyuiu.KiselevEA.Sprint0.Task3.V0.Test.csproj", "{2E2E694D-5ADB-4D30-8CB4-4A100AC5D9A6}"
EndProject
Project("{2150E333-8FDC-42A3-9474-1A3956D46DE8}") = "Task4", "Task4", "{BE638172-530D-45AB-81B8-493BC5619CAE}"
EndProject
Project("{9A19103F-16F7-4668-BE54-9A1E7A4F7556}") = "Tyuiu.KiselevEA.Sprint0.Task4.V0.Test", "Tyuiu.KiselevEA.Sprint0.Task4.V0.Test\Tyuiu.KiselevEA.Sprint0.Task4.V0.Test.csproj", "{81BA8B68-5B8C-4997-BEA6-B99451CD8D05}"
EndProject
Project("{9A19103F-16F7-4668-BE54-9A1E7A4F7556}") = "Tyuiu.KiselevEA.Sprint0.Task4.V0.Lib", "Tyuiu.KiselevEA.Sprint0.Task4.V0.Lib\Tyuiu.KiselevEA.Sprint0.Task4.V0.Lib.csproj", "{E226B5AE-8F5B-4FCC-B2FE-DF7677E181B8}"
EndProject
Project("{9A19103F-16F7-4668-BE54-9A1E7A4F7556}") = "Tyuiu.KiselevEA.Sprint0.Task4.V0", "Tyuiu.KiselevEA.Sprint0.Task4.V0\Tyuiu.KiselevEA.Sprint0.Task4.V0.csproj", "{6D679D43-DF64-4B19-B0C6-3C6A6259AB39}"
EndProject
Project("{2150E333-8FDC-42A3-9474-1A3956D46DE8}") = "Task5", "Task5", "{3A60E812-2F0B-44FE-8A51-26568F8C7D21}"
EndProject
Project("{9A19103F-16F7-4668-BE54-9A1E7A4F7556}") = "Tyuiu.KiselevEA.Sprint0.Task5.V0", "Tyuiu.KiselevEA.Sprint0.Task5.V0\Tyuiu.KiselevEA.Sprint0.Task5.V0.csproj", "{67BA00CD-3E53-411D-8A90-8E3F5DD74E57}"
EndProject
Project("{9A19103F-16F7-4668-BE54-9A1E7A4F7556}") = "Tyuiu.KiselevEA.Sprint0.Task5.V0.Lib", "Tyuiu.KiselevEA.Sprint0.Task5.V0.Lib\Tyuiu.KiselevEA.Sprint0.Task5.V0.Lib.csproj", "{A3300C3C-E7AF-470E-B0E2-525A8A68F707}"
EndProject
Project("{9A19103F-16F7-4668-BE54-9A1E7A4F7556}") = "Tyuiu.KiselevEA.Sprint0.Task5.V0.Test", "Tyuiu.KiselevEA.Sprint0.Task5.V0.Test\Tyuiu.KiselevEA.Sprint0.Task5.V0.Test.csproj", "{94DAB549-1676-40EC-93B6-2D0E84E30FB4}"
EndProject
Project("{2150E333-8FDC-42A3-9474-1A3956D46DE8}") = "Task6", "Task6", "{0E7F7810-EB96-424B-B1A0-4A3212248D68}"
EndProject
Project("{FAE04EC0-301F-11D3-BF4B-00C04F79EFBC}") = "Tyuiu.KiselevEA.Sprint0.Task6.V0.Test", "Tyuiu.KiselevEA.Sprint0.Task6.V0.Test\Tyuiu.KiselevEA.Sprint0.Task6.V0.Test.csproj", "{166B5593-FE00-436D-9952-C0D4A1AF2D47}"
EndProject
Project("{FAE04EC0-301F-11D3-BF4B-00C04F79EFBC}") = "Tyuiu.KiselevEA.Sprint0.Task6.V0.Lib", "Tyuiu.KiselevEA.Sprint0.Task6.V0.Lib\Tyuiu.KiselevEA.Sprint0.Task6.V0.Lib.csproj", "{C1161510-F024-4977-98B0-2AF1279ADF56}"
EndProject
Project("{FAE04EC0-301F-11D3-BF4B-00C04F79EFBC}") = "Tyuiu.KiselevEA.Sprint0.Task6.V0", "Tyuiu.KiselevEA.Sprint0.Task6.V0\Tyuiu.KiselevEA.Sprint0.Task6.V0.csproj", "{2444B287-7998-459F-81DA-FC246A5EC334}"
EndProject
Global
	GlobalSection(SolutionConfigurationPlatforms) = preSolution
		Debug|Any CPU = Debug|Any CPU
		Release|Any CPU = Release|Any CPU
	EndGlobalSection
	GlobalSection(ProjectConfigurationPlatforms) = postSolution
		{0CFAD9E7-C422-45B3-A9D3-0494D8CC0DF8}.Debug|Any CPU.ActiveCfg = Debug|Any CPU
		{0CFAD9E7-C422-45B3-A9D3-0494D8CC0DF8}.Debug|Any CPU.Build.0 = Debug|Any CPU
		{0CFAD9E7-C422-45B3-A9D3-0494D8CC0DF8}.Release|Any CPU.ActiveCfg = Release|Any CPU
		{0CFAD9E7-C422-45B3-A9D3-0494D8CC0DF8}.Release|Any CPU.Build.0 = Release|Any CPU
		{E70C7708-01BC-4F5F-9859-A4FF83B8336C}.Debug|Any CPU.ActiveCfg = Debug|Any CPU
		{E70C7708-01BC-4F5F-9859-A4FF83B8336C}.Debug|Any CPU.Build.0 = Debug|Any CPU
		{E70C7708-01BC-4F5F-9859-A4FF83B8336C}.Release|Any CPU.ActiveCfg = Release|Any CPU
		{E70C7708-01BC-4F5F-9859-A4FF83B8336C}.Release|Any CPU.Build.0 = Release|Any CPU
		{0BD21CF2-511B-4C92-AD6B-8337CF2AA63C}.Debug|Any CPU.ActiveCfg = Debug|Any CPU
		{0BD21CF2-511B-4C92-AD6B-8337CF2AA63C}.Debug|Any CPU.Build.0 = Debug|Any CPU
		{0BD21CF2-511B-4C92-AD6B-8337CF2AA63C}.Release|Any CPU.ActiveCfg = Release|Any CPU
		{0BD21CF2-511B-4C92-AD6B-8337CF2AA63C}.Release|Any CPU.Build.0 = Release|Any CPU
		{70C877F9-668C-4780-B412-A70D88B369BD}.Debug|Any CPU.ActiveCfg = Debug|Any CPU
		{70C877F9-668C-4780-B412-A70D88B369BD}.Debug|Any CPU.Build.0 = Debug|Any CPU
		{70C877F9-668C-4780-B412-A70D88B369BD}.Release|Any CPU.ActiveCfg = Release|Any CPU
		{70C877F9-668C-4780-B412-A70D88B369BD}.Release|Any CPU.Build.0 = Release|Any CPU
		{D4C0E3FC-E1A8-4BFA-8E3F-23FC831CFB8D}.Debug|Any CPU.ActiveCfg = Debug|Any CPU
		{D4C0E3FC-E1A8-4BFA-8E3F-23FC831CFB8D}.Debug|Any CPU.Build.0 = Debug|Any CPU
		{D4C0E3FC-E1A8-4BFA-8E3F-23FC831CFB8D}.Release|Any CPU.ActiveCfg = Release|Any CPU
		{D4C0E3FC-E1A8-4BFA-8E3F-23FC831CFB8D}.Release|Any CPU.Build.0 = Release|Any CPU
		{D1398BC9-E83C-4A50-9FE3-E70AF361E390}.Debug|Any CPU.ActiveCfg = Debug|Any CPU
		{D1398BC9-E83C-4A50-9FE3-E70AF361E390}.Debug|Any CPU.Build.0 = Debug|Any CPU
		{D1398BC9-E83C-4A50-9FE3-E70AF361E390}.Release|Any CPU.ActiveCfg = Release|Any CPU
		{D1398BC9-E83C-4A50-9FE3-E70AF361E390}.Release|Any CPU.Build.0 = Release|Any CPU
		{24434E26-CD65-4472-878D-086E2A3FE3B6}.Debug|Any CPU.ActiveCfg = Debug|Any CPU
		{24434E26-CD65-4472-878D-086E2A3FE3B6}.Debug|Any CPU.Build.0 = Debug|Any CPU
		{24434E26-CD65-4472-878D-086E2A3FE3B6}.Release|Any CPU.ActiveCfg = Release|Any CPU
		{24434E26-CD65-4472-878D-086E2A3FE3B6}.Release|Any CPU.Build.0 = Release|Any CPU
		{2E2E694D-5ADB-4D30-8CB4-4A100AC5D9A6}.Debug|Any CPU.ActiveCfg = Debug|Any CPU
		{2E2E694D-5ADB-4D30-8CB4-4A100AC5D9A6}.Debug|Any CPU.Build.0 = Debug|Any CPU
		{2E2E694D-5ADB-4D30-8CB4-4A100AC5D9A6}.Release|Any CPU.ActiveCfg = Release|Any CPU
		{2E2E694D-5ADB-4D30-8CB4-4A100AC5D9A6}.Release|Any CPU.Build.0 = Release|Any CPU
		{81BA8B68-5B8C-4997-BEA6-B99451CD8D05}.Debug|Any CPU.ActiveCfg = Debug|Any CPU
		{81BA8B68-5B8C-4997-BEA6-B99451CD8D05}.Debug|Any CPU.Build.0 = Debug|Any CPU
		{81BA8B68-5B8C-4997-BEA6-B99451CD8D05}.Release|Any CPU.ActiveCfg = Release|Any CPU
		{81BA8B68-5B8C-4997-BEA6-B99451CD8D05}.Release|Any CPU.Build.0 = Release|Any CPU
		{E226B5AE-8F5B-4FCC-B2FE-DF7677E181B8}.Debug|Any CPU.ActiveCfg = Debug|Any CPU
		{E226B5AE-8F5B-4FCC-B2FE-DF7677E181B8}.Debug|Any CPU.Build.0 = Debug|Any CPU
		{E226B5AE-8F5B-4FCC-B2FE-DF7677E181B8}.Release|Any CPU.ActiveCfg = Release|Any CPU
		{E226B5AE-8F5B-4FCC-B2FE-DF7677E181B8}.Release|Any CPU.Build.0 = Release|Any CPU
		{6D679D43-DF64-4B19-B0C6-3C6A6259AB39}.Debug|Any CPU.ActiveCfg = Debug|Any CPU
		{6D679D43-DF64-4B19-B0C6-3C6A6259AB39}.Debug|Any CPU.Build.0 = Debug|Any CPU
		{6D679D43-DF64-4B19-B0C6-3C6A6259AB39}.Release|Any CPU.ActiveCfg = Release|Any CPU
		{6D679D43-DF64-4B19-B0C6-3C6A6259AB39}.Release|Any CPU.Build.0 = Release|Any CPU
		{67BA00CD-3E53-411D-8A90-8E3F5DD74E57}.Debug|Any CPU.ActiveCfg = Debug|Any CPU
		{67BA00CD-3E53-411D-8A90-8E3F5DD74E57}.Debug|Any CPU.Build.0 = Debug|Any CPU
		{67BA00CD-3E53-411D-8A90-8E3F5DD74E57}.Release|Any CPU.ActiveCfg = Release|Any CPU
		{67BA00CD-3E53-411D-8A90-8E3F5DD74E57}.Release|Any CPU.Build.0 = Release|Any CPU
		{A3300C3C-E7AF-470E-B0E2-525A8A68F707}.Debug|Any CPU.ActiveCfg = Debug|Any CPU
		{A3300C3C-E7AF-470E-B0E2-525A8A68F707}.Debug|Any CPU.Build.0 = Debug|Any CPU
		{A3300C3C-E7AF-470E-B0E2-525A8A68F707}.Release|Any CPU.ActiveCfg = Release|Any CPU
		{A3300C3C-E7AF-470E-B0E2-525A8A68F707}.Release|Any CPU.Build.0 = Release|Any CPU
		{94DAB549-1676-40EC-93B6-2D0E84E30FB4}.Debug|Any CPU.ActiveCfg = Debug|Any CPU
		{94DAB549-1676-40EC-93B6-2D0E84E30FB4}.Debug|Any CPU.Build.0 = Debug|Any CPU
		{94DAB549-1676-40EC-93B6-2D0E84E30FB4}.Release|Any CPU.ActiveCfg = Release|Any CPU
		{94DAB549-1676-40EC-93B6-2D0E84E30FB4}.Release|Any CPU.Build.0 = Release|Any CPU
		{166B5593-FE00-436D-9952-C0D4A1AF2D47}.Debug|Any CPU.ActiveCfg = Debug|Any CPU
		{166B5593-FE00-436D-9952-C0D4A1AF2D47}.Debug|Any CPU.Build.0 = Debug|Any CPU
		{166B5593-FE00-436D-9952-C0D4A1AF2D47}.Release|Any CPU.ActiveCfg = Release|Any CPU
		{166B5593-FE00-436D-9952-C0D4A1AF2D47}.Release|Any CPU.Build.0 = Release|Any CPU
		{C1161510-F024-4977-98B0-2AF1279ADF56}.Debug|Any CPU.ActiveCfg = Debug|Any CPU
		{C1161510-F024-4977-98B0-2AF1279ADF56}.Debug|Any CPU.Build.0 = Debug|Any CPU
		{C1161510-F024-4977-98B0-2AF1279ADF56}.Release|Any CPU.ActiveCfg = Release|Any CPU
		{C1161510-F024-4977-98B0-2AF1279ADF56}.Release|Any CPU.Build.0 = Release|Any CPU
		{2444B287-7998-459F-81DA-FC246A5EC334}.Debug|Any CPU.ActiveCfg = Debug|Any CPU
		{2444B287-7998-459F-81DA-FC246A5EC334}.Debug|Any CPU.Build.0 = Debug|Any CPU
		{2444B287-7998-459F-81DA-FC246A5EC334}.Release|Any CPU.ActiveCfg = Release|Any CPU
		{2444B287-7998-459F-81DA-FC246A5EC334}.Release|Any CPU.Build.0 = Release|Any CPU
	EndGlobalSection
	GlobalSection(SolutionProperties) = preSolution
		HideSolutionNode = FALSE
	EndGlobalSection
	GlobalSection(NestedProjects) = preSolution
		{0CFAD9E7-C422-45B3-A9D3-0494D8CC0DF8} = {DFEF1195-4EF4-41A0-BFE8-AE22AE1A7F94}
		{E70C7708-01BC-4F5F-9859-A4FF83B8336C} = {2037AD63-48CE-4A26-87A1-BFD77B5398EE}
		{0BD21CF2-511B-4C92-AD6B-8337CF2AA63C} = {17F9EC2D-13FC-439C-A454-C3B6D5287817}
		{70C877F9-668C-4780-B412-A70D88B369BD} = {17F9EC2D-13FC-439C-A454-C3B6D5287817}
		{D4C0E3FC-E1A8-4BFA-8E3F-23FC831CFB8D} = {17F9EC2D-13FC-439C-A454-C3B6D5287817}
		{D1398BC9-E83C-4A50-9FE3-E70AF361E390} = {1AB5BA18-012F-44F6-A76F-ACDB51BDC430}
		{24434E26-CD65-4472-878D-086E2A3FE3B6} = {1AB5BA18-012F-44F6-A76F-ACDB51BDC430}
		{2E2E694D-5ADB-4D30-8CB4-4A100AC5D9A6} = {1AB5BA18-012F-44F6-A76F-ACDB51BDC430}
		{81BA8B68-5B8C-4997-BEA6-B99451CD8D05} = {BE638172-530D-45AB-81B8-493BC5619CAE}
		{E226B5AE-8F5B-4FCC-B2FE-DF7677E181B8} = {BE638172-530D-45AB-81B8-493BC5619CAE}
		{6D679D43-DF64-4B19-B0C6-3C6A6259AB39} = {BE638172-530D-45AB-81B8-493BC5619CAE}
		{67BA00CD-3E53-411D-8A90-8E3F5DD74E57} = {3A60E812-2F0B-44FE-8A51-26568F8C7D21}
		{A3300C3C-E7AF-470E-B0E2-525A8A68F707} = {3A60E812-2F0B-44FE-8A51-26568F8C7D21}
		{94DAB549-1676-40EC-93B6-2D0E84E30FB4} = {3A60E812-2F0B-44FE-8A51-26568F8C7D21}
		{166B5593-FE00-436D-9952-C0D4A1AF2D47} = {0E7F7810-EB96-424B-B1A0-4A3212248D68}
		{C1161510-F024-4977-98B0-2AF1279ADF56} = {0E7F7810-EB96-424B-B1A0-4A3212248D68}
		{2444B287-7998-459F-81DA-FC246A5EC334} = {0E7F7810-EB96-424B-B1A0-4A3212248D68}
	EndGlobalSection
	GlobalSection(ExtensibilityGlobals) = postSolution
		SolutionGuid = {7D9F45FC-9C9C-4ED4-AD2A-E2B3062D82DD}
	EndGlobalSection
EndGlobal
